PODS:
  - Fastis (1.0.13):
    - JTAppleCalendar (~> 8.0.0)
    - PrettyCards (~> 1.0.0)
    - SnapKit (~> 5.0.0)
  - JTAppleCalendar (8.0.3)
  - PrettyCards (1.0.3)
  - SnapKit (5.0.1)

DEPENDENCIES:
  - Fastis (from `../`)

SPEC REPOS:
  trunk:
    - JTAppleCalendar
    - PrettyCards
    - SnapKit

EXTERNAL SOURCES:
  Fastis:
    :path: "../"

SPEC CHECKSUMS:
  Fastis: 8b5bf249661974009f2c83cc912d20aea85e3abe
  JTAppleCalendar: 932cadea40b1051beab10f67843451d48ba16c99
  PrettyCards: 14d7c36a286cbd25ba29d351e9c5473f8c94ca6f
  SnapKit: 97b92857e3df3a0c71833cce143274bf6ef8e5eb

PODFILE CHECKSUM: 1535660f8291b9f9d6e4c9762a7e5e6aa4397ec6

COCOAPODS: 1.10.1
