{
  "object": {
    "pins": [
      {
        "package": "JTAppleCalendar",
        "repositoryURL": "https://github.com/patchthecode/JTAppleCalendar",
        "state": {
          "branch": null,
          "revision": "2812ae8a58c4b8132cd3d0e761b984e344d841a4",
          "version": "8.0.3"
        }
      },
      {
        "package": "PrettyCards",
        "repositoryURL": "https://github.com/ilia3546/PrettyCards",
        "state": {
          "branch": null,
          "revision": "8b2e97c278bfb86d5e32b7af56b2ee5c388cd32b",
          "version": "1.0.3"
        }
      },
      {
        "package": "SnapKit",
        "repositoryURL": "https://github.com/SnapKit/SnapKit",
        "state": {
          "branch": null,
          "revision": "d458564516e5676af9c70b4f4b2a9178294f1bc6",
          "version": "5.0.1"
        }
      }
    ]
  },
  "version": 1
}
