// !$*UTF8*$!
{
	archiveVersion = 1;
	classes = {
	};
	objectVersion = 54;
	objects = {

/* Begin PBXBuildFile section */
		1A3E7A5E2A40901600434229 /* Localizable.strings in Resources */ = {isa = PBXBuildFile; fileRef = 1A3E7A602A40901600434229 /* Localizable.strings */; };
		1AB955832BA31F4200235243 /* HostingController.swift in Sources */ = {isa = PBXBuildFile; fileRef = 1AB955822BA31F4200235243 /* HostingController.swift */; };
		1AB955852BA31F5500235243 /* MainView.swift in Sources */ = {isa = PBXBuildFile; fileRef = 1AB955842BA31F5500235243 /* MainView.swift */; };
		F381AF9628B8C7190046383A /* Fastis in Frameworks */ = {isa = PBXBuildFile; productRef = F381AF9528B8C7190046383A /* Fastis */; };
		F3FCEE47244780FE000F966E /* AppDelegate.swift in Sources */ = {isa = PBXBuildFile; fileRef = F3FCEE46244780FE000F966E /* AppDelegate.swift */; };
		F3FCEE4B244780FE000F966E /* ViewController.swift in Sources */ = {isa = PBXBuildFile; fileRef = F3FCEE4A244780FE000F966E /* ViewController.swift */; };
		F3FCEE5024478100000F966E /* Assets.xcassets in Resources */ = {isa = PBXBuildFile; fileRef = F3FCEE4F24478100000F966E /* Assets.xcassets */; };
		F3FCEE5324478100000F966E /* LaunchScreen.storyboard in Resources */ = {isa = PBXBuildFile; fileRef = F3FCEE5124478100000F966E /* LaunchScreen.storyboard */; };
/* End PBXBuildFile section */

/* Begin PBXFileReference section */
		1A3E7A5F2A40901600434229 /* en */ = {isa = PBXFileReference; lastKnownFileType = text.plist.strings; name = en; path = en.lproj/Localizable.strings; sourceTree = "<group>"; };
		1A3E7A612A40902000434229 /* ar */ = {isa = PBXFileReference; lastKnownFileType = text.plist.strings; name = ar; path = ar.lproj/Localizable.strings; sourceTree = "<group>"; };
		1A3E7A622A409B3A00434229 /* ru */ = {isa = PBXFileReference; lastKnownFileType = text.plist.strings; name = ru; path = ru.lproj/Localizable.strings; sourceTree = "<group>"; };
		1AB955822BA31F4200235243 /* HostingController.swift */ = {isa = PBXFileReference; lastKnownFileType = sourcecode.swift; path = HostingController.swift; sourceTree = "<group>"; };
		1AB955842BA31F5500235243 /* MainView.swift */ = {isa = PBXFileReference; lastKnownFileType = sourcecode.swift; path = MainView.swift; sourceTree = "<group>"; };
		CB137E4877EBDC6E87A77A4B /* Pods_FastisExample.framework */ = {isa = PBXFileReference; explicitFileType = wrapper.framework; includeInIndex = 0; path = Pods_FastisExample.framework; sourceTree = BUILT_PRODUCTS_DIR; };
		F31CFB6B28B8C32D00364F6A /* Fastis */ = {isa = PBXFileReference; lastKnownFileType = wrapper; name = Fastis; path = ..; sourceTree = "<group>"; };
		F3FCEE43244780FE000F966E /* FastisExample.app */ = {isa = PBXFileReference; explicitFileType = wrapper.application; includeInIndex = 0; path = FastisExample.app; sourceTree = BUILT_PRODUCTS_DIR; };
		F3FCEE46244780FE000F966E /* AppDelegate.swift */ = {isa = PBXFileReference; lastKnownFileType = sourcecode.swift; path = AppDelegate.swift; sourceTree = "<group>"; };
		F3FCEE4A244780FE000F966E /* ViewController.swift */ = {isa = PBXFileReference; lastKnownFileType = sourcecode.swift; path = ViewController.swift; sourceTree = "<group>"; };
		F3FCEE4F24478100000F966E /* Assets.xcassets */ = {isa = PBXFileReference; lastKnownFileType = folder.assetcatalog; path = Assets.xcassets; sourceTree = "<group>"; };
		F3FCEE5224478100000F966E /* Base */ = {isa = PBXFileReference; lastKnownFileType = file.storyboard; name = Base; path = Base.lproj/LaunchScreen.storyboard; sourceTree = "<group>"; };
		F3FCEE5424478100000F966E /* Info.plist */ = {isa = PBXFileReference; lastKnownFileType = text.plist.xml; path = Info.plist; sourceTree = "<group>"; };
/* End PBXFileReference section */

/* Begin PBXFrameworksBuildPhase section */
		F3FCEE40244780FE000F966E /* Frameworks */ = {
			isa = PBXFrameworksBuildPhase;
			buildActionMask = 2147483647;
			files = (
				F381AF9628B8C7190046383A /* Fastis in Frameworks */,
			);
			runOnlyForDeploymentPostprocessing = 0;
		};
/* End PBXFrameworksBuildPhase section */

/* Begin PBXGroup section */
		6EEA20A76D9EBA8BC37D650E /* Frameworks */ = {
			isa = PBXGroup;
			children = (
				CB137E4877EBDC6E87A77A4B /* Pods_FastisExample.framework */,
			);
			name = Frameworks;
			sourceTree = "<group>";
		};
		F31CFB6A28B8C32D00364F6A /* Packages */ = {
			isa = PBXGroup;
			children = (
				F31CFB6B28B8C32D00364F6A /* Fastis */,
			);
			name = Packages;
			sourceTree = "<group>";
		};
		F3FCEE3A244780FE000F966E = {
			isa = PBXGroup;
			children = (
				F31CFB6A28B8C32D00364F6A /* Packages */,
				F3FCEE45244780FE000F966E /* Source */,
				F3FCEE44244780FE000F966E /* Products */,
				6EEA20A76D9EBA8BC37D650E /* Frameworks */,
			);
			sourceTree = "<group>";
		};
		F3FCEE44244780FE000F966E /* Products */ = {
			isa = PBXGroup;
			children = (
				F3FCEE43244780FE000F966E /* FastisExample.app */,
			);
			name = Products;
			sourceTree = "<group>";
		};
		F3FCEE45244780FE000F966E /* Source */ = {
			isa = PBXGroup;
			children = (
				F3FCEE46244780FE000F966E /* AppDelegate.swift */,
				F3FCEE4A244780FE000F966E /* ViewController.swift */,
				1AB955822BA31F4200235243 /* HostingController.swift */,
				1AB955842BA31F5500235243 /* MainView.swift */,
				F3FCEE4F24478100000F966E /* Assets.xcassets */,
				F3FCEE5124478100000F966E /* LaunchScreen.storyboard */,
				F3FCEE5424478100000F966E /* Info.plist */,
				1A3E7A602A40901600434229 /* Localizable.strings */,
			);
			path = Source;
			sourceTree = "<group>";
		};
/* End PBXGroup section */

/* Begin PBXNativeTarget section */
		F3FCEE42244780FE000F966E /* FastisExample */ = {
			isa = PBXNativeTarget;
			buildConfigurationList = F3FCEE5724478100000F966E /* Build configuration list for PBXNativeTarget "FastisExample" */;
			buildPhases = (
				F3FCEE3F244780FE000F966E /* Sources */,
				F3FCEE40244780FE000F966E /* Frameworks */,
				F3FCEE41244780FE000F966E /* Resources */,
			);
			buildRules = (
			);
			dependencies = (
			);
			name = FastisExample;
			packageProductDependencies = (
				F381AF9528B8C7190046383A /* Fastis */,
			);
			productName = FastisExample;
			productReference = F3FCEE43244780FE000F966E /* FastisExample.app */;
			productType = "com.apple.product-type.application";
		};
/* End PBXNativeTarget section */

/* Begin PBXProject section */
		F3FCEE3B244780FE000F966E /* Project object */ = {
			isa = PBXProject;
			attributes = {
				LastSwiftUpdateCheck = 1140;
				LastUpgradeCheck = 1220;
				ORGANIZATIONNAME = "RetailDriver LLC";
				TargetAttributes = {
					F3FCEE42244780FE000F966E = {
						CreatedOnToolsVersion = 11.4;
					};
				};
			};
			buildConfigurationList = F3FCEE3E244780FE000F966E /* Build configuration list for PBXProject "FastisExample" */;
			compatibilityVersion = "Xcode 9.3";
			developmentRegion = en;
			hasScannedForEncodings = 0;
			knownRegions = (
				en,
				Base,
				ar,
				ru,
			);
			mainGroup = F3FCEE3A244780FE000F966E;
			productRefGroup = F3FCEE44244780FE000F966E /* Products */;
			projectDirPath = "";
			projectRoot = "";
			targets = (
				F3FCEE42244780FE000F966E /* FastisExample */,
			);
		};
/* End PBXProject section */

/* Begin PBXResourcesBuildPhase section */
		F3FCEE41244780FE000F966E /* Resources */ = {
			isa = PBXResourcesBuildPhase;
			buildActionMask = 2147483647;
			files = (
				F3FCEE5324478100000F966E /* LaunchScreen.storyboard in Resources */,
				1A3E7A5E2A40901600434229 /* Localizable.strings in Resources */,
				F3FCEE5024478100000F966E /* Assets.xcassets in Resources */,
			);
			runOnlyForDeploymentPostprocessing = 0;
		};
/* End PBXResourcesBuildPhase section */

/* Begin PBXSourcesBuildPhase section */
		F3FCEE3F244780FE000F966E /* Sources */ = {
			isa = PBXSourcesBuildPhase;
			buildActionMask = 2147483647;
			files = (
				1AB955832BA31F4200235243 /* HostingController.swift in Sources */,
				1AB955852BA31F5500235243 /* MainView.swift in Sources */,
				F3FCEE4B244780FE000F966E /* ViewController.swift in Sources */,
				F3FCEE47244780FE000F966E /* AppDelegate.swift in Sources */,
			);
			runOnlyForDeploymentPostprocessing = 0;
		};
/* End PBXSourcesBuildPhase section */

/* Begin PBXVariantGroup section */
		1A3E7A602A40901600434229 /* Localizable.strings */ = {
			isa = PBXVariantGroup;
			children = (
				1A3E7A5F2A40901600434229 /* en */,
				1A3E7A612A40902000434229 /* ar */,
				1A3E7A622A409B3A00434229 /* ru */,
			);
			name = Localizable.strings;
			sourceTree = "<group>";
		};
		F3FCEE5124478100000F966E /* LaunchScreen.storyboard */ = {
			isa = PBXVariantGroup;
			children = (
				F3FCEE5224478100000F966E /* Base */,
			);
			name = LaunchScreen.storyboard;
			sourceTree = "<group>";
		};
/* End PBXVariantGroup section */

/* Begin XCBuildConfiguration section */
		F3FCEE5524478100000F966E /* Debug */ = {
			isa = XCBuildConfiguration;
			buildSettings = {
				ALWAYS_SEARCH_USER_PATHS = NO;
				CLANG_ANALYZER_LOCALIZABILITY_NONLOCALIZED = YES;
				CLANG_ANALYZER_NONNULL = YES;
				CLANG_ANALYZER_NUMBER_OBJECT_CONVERSION = YES_AGGRESSIVE;
				CLANG_CXX_LANGUAGE_STANDARD = "gnu++14";
				CLANG_CXX_LIBRARY = "libc++";
				CLANG_ENABLE_MODULES = YES;
				CLANG_ENABLE_OBJC_ARC = YES;
				CLANG_ENABLE_OBJC_WEAK = YES;
				CLANG_WARN_BLOCK_CAPTURE_AUTORELEASING = YES;
				CLANG_WARN_BOOL_CONVERSION = YES;
				CLANG_WARN_COMMA = YES;
				CLANG_WARN_CONSTANT_CONVERSION = YES;
				CLANG_WARN_DEPRECATED_OBJC_IMPLEMENTATIONS = YES;
				CLANG_WARN_DIRECT_OBJC_ISA_USAGE = YES_ERROR;
				CLANG_WARN_DOCUMENTATION_COMMENTS = YES;
				CLANG_WARN_EMPTY_BODY = YES;
				CLANG_WARN_ENUM_CONVERSION = YES;
				CLANG_WARN_INFINITE_RECURSION = YES;
				CLANG_WARN_INT_CONVERSION = YES;
				CLANG_WARN_NON_LITERAL_NULL_CONVERSION = YES;
				CLANG_WARN_OBJC_IMPLICIT_RETAIN_SELF = YES;
				CLANG_WARN_OBJC_LITERAL_CONVERSION = YES;
				CLANG_WARN_OBJC_ROOT_CLASS = YES_ERROR;
				CLANG_WARN_QUOTED_INCLUDE_IN_FRAMEWORK_HEADER = YES;
				CLANG_WARN_RANGE_LOOP_ANALYSIS = YES;
				CLANG_WARN_STRICT_PROTOTYPES = YES;
				CLANG_WARN_SUSPICIOUS_MOVE = YES;
				CLANG_WARN_UNGUARDED_AVAILABILITY = YES_AGGRESSIVE;
				CLANG_WARN_UNREACHABLE_CODE = YES;
				CLANG_WARN__DUPLICATE_METHOD_MATCH = YES;
				COPY_PHASE_STRIP = NO;
				DEBUG_INFORMATION_FORMAT = dwarf;
				ENABLE_STRICT_OBJC_MSGSEND = YES;
				ENABLE_TESTABILITY = YES;
				GCC_C_LANGUAGE_STANDARD = gnu11;
				GCC_DYNAMIC_NO_PIC = NO;
				GCC_NO_COMMON_BLOCKS = YES;
				GCC_OPTIMIZATION_LEVEL = 0;
				GCC_PREPROCESSOR_DEFINITIONS = (
					"DEBUG=1",
					"$(inherited)",
				);
				GCC_WARN_64_TO_32_BIT_CONVERSION = YES;
				GCC_WARN_ABOUT_RETURN_TYPE = YES_ERROR;
				GCC_WARN_UNDECLARED_SELECTOR = YES;
				GCC_WARN_UNINITIALIZED_AUTOS = YES_AGGRESSIVE;
				GCC_WARN_UNUSED_FUNCTION = YES;
				GCC_WARN_UNUSED_VARIABLE = YES;
				IPHONEOS_DEPLOYMENT_TARGET = 13.4;
				MTL_ENABLE_DEBUG_INFO = INCLUDE_SOURCE;
				MTL_FAST_MATH = YES;
				ONLY_ACTIVE_ARCH = YES;
				SDKROOT = iphoneos;
				SWIFT_ACTIVE_COMPILATION_CONDITIONS = DEBUG;
				SWIFT_OPTIMIZATION_LEVEL = "-Onone";
			};
			name = Debug;
		};
		F3FCEE5624478100000F966E /* Release */ = {
			isa = XCBuildConfiguration;
			buildSettings = {
				ALWAYS_SEARCH_USER_PATHS = NO;
				CLANG_ANALYZER_LOCALIZABILITY_NONLOCALIZED = YES;
				CLANG_ANALYZER_NONNULL = YES;
				CLANG_ANALYZER_NUMBER_OBJECT_CONVERSION = YES_AGGRESSIVE;
				CLANG_CXX_LANGUAGE_STANDARD = "gnu++14";
				CLANG_CXX_LIBRARY = "libc++";
				CLANG_ENABLE_MODULES = YES;
				CLANG_ENABLE_OBJC_ARC = YES;
				CLANG_ENABLE_OBJC_WEAK = YES;
				CLANG_WARN_BLOCK_CAPTURE_AUTORELEASING = YES;
				CLANG_WARN_BOOL_CONVERSION = YES;
				CLANG_WARN_COMMA = YES;
				CLANG_WARN_CONSTANT_CONVERSION = YES;
				CLANG_WARN_DEPRECATED_OBJC_IMPLEMENTATIONS = YES;
				CLANG_WARN_DIRECT_OBJC_ISA_USAGE = YES_ERROR;
				CLANG_WARN_DOCUMENTATION_COMMENTS = YES;
				CLANG_WARN_EMPTY_BODY = YES;
				CLANG_WARN_ENUM_CONVERSION = YES;
				CLANG_WARN_INFINITE_RECURSION = YES;
				CLANG_WARN_INT_CONVERSION = YES;
				CLANG_WARN_NON_LITERAL_NULL_CONVERSION = YES;
				CLANG_WARN_OBJC_IMPLICIT_RETAIN_SELF = YES;
				CLANG_WARN_OBJC_LITERAL_CONVERSION = YES;
				CLANG_WARN_OBJC_ROOT_CLASS = YES_ERROR;
				CLANG_WARN_QUOTED_INCLUDE_IN_FRAMEWORK_HEADER = YES;
				CLANG_WARN_RANGE_LOOP_ANALYSIS = YES;
				CLANG_WARN_STRICT_PROTOTYPES = YES;
				CLANG_WARN_SUSPICIOUS_MOVE = YES;
				CLANG_WARN_UNGUARDED_AVAILABILITY = YES_AGGRESSIVE;
				CLANG_WARN_UNREACHABLE_CODE = YES;
				CLANG_WARN__DUPLICATE_METHOD_MATCH = YES;
				COPY_PHASE_STRIP = NO;
				DEBUG_INFORMATION_FORMAT = "dwarf-with-dsym";
				ENABLE_NS_ASSERTIONS = NO;
				ENABLE_STRICT_OBJC_MSGSEND = YES;
				GCC_C_LANGUAGE_STANDARD = gnu11;
				GCC_NO_COMMON_BLOCKS = YES;
				GCC_WARN_64_TO_32_BIT_CONVERSION = YES;
				GCC_WARN_ABOUT_RETURN_TYPE = YES_ERROR;
				GCC_WARN_UNDECLARED_SELECTOR = YES;
				GCC_WARN_UNINITIALIZED_AUTOS = YES_AGGRESSIVE;
				GCC_WARN_UNUSED_FUNCTION = YES;
				GCC_WARN_UNUSED_VARIABLE = YES;
				IPHONEOS_DEPLOYMENT_TARGET = 13.4;
				MTL_ENABLE_DEBUG_INFO = NO;
				MTL_FAST_MATH = YES;
				SDKROOT = iphoneos;
				SWIFT_COMPILATION_MODE = wholemodule;
				SWIFT_OPTIMIZATION_LEVEL = "-O";
				VALIDATE_PRODUCT = YES;
			};
			name = Release;
		};
		F3FCEE5824478100000F966E /* Debug */ = {
			isa = XCBuildConfiguration;
			buildSettings = {
				ASSETCATALOG_COMPILER_APPICON_NAME = AppIcon;
				CODE_SIGN_STYLE = Automatic;
				CURRENT_PROJECT_VERSION = 1;
				DEVELOPMENT_TEAM = 7HXSBL2C9S;
				INFOPLIST_FILE = "$(SRCROOT)/Source/Info.plist";
				INFOPLIST_KEY_CFBundleDisplayName = Fastis;
				IPHONEOS_DEPLOYMENT_TARGET = 14.2;
				LD_RUNPATH_SEARCH_PATHS = (
					"$(inherited)",
					"@executable_path/Frameworks",
				);
				MARKETING_VERSION = 1.0.0;
				PRODUCT_BUNDLE_IDENTIFIER = com.retaildriver.FastisExample;
				PRODUCT_NAME = "$(TARGET_NAME)";
				SWIFT_VERSION = 5.0;
				TARGETED_DEVICE_FAMILY = "1,2";
			};
			name = Debug;
		};
		F3FCEE5924478100000F966E /* Release */ = {
			isa = XCBuildConfiguration;
			buildSettings = {
				ASSETCATALOG_COMPILER_APPICON_NAME = AppIcon;
				CODE_SIGN_STYLE = Automatic;
				CURRENT_PROJECT_VERSION = 1;
				DEVELOPMENT_TEAM = 7HXSBL2C9S;
				INFOPLIST_FILE = "$(SRCROOT)/Source/Info.plist";
				INFOPLIST_KEY_CFBundleDisplayName = Fastis;
				IPHONEOS_DEPLOYMENT_TARGET = 14.2;
				LD_RUNPATH_SEARCH_PATHS = (
					"$(inherited)",
					"@executable_path/Frameworks",
				);
				MARKETING_VERSION = 1.0.0;
				PRODUCT_BUNDLE_IDENTIFIER = com.retaildriver.FastisExample;
				PRODUCT_NAME = "$(TARGET_NAME)";
				SWIFT_VERSION = 5.0;
				TARGETED_DEVICE_FAMILY = "1,2";
			};
			name = Release;
		};
/* End XCBuildConfiguration section */

/* Begin XCConfigurationList section */
		F3FCEE3E244780FE000F966E /* Build configuration list for PBXProject "FastisExample" */ = {
			isa = XCConfigurationList;
			buildConfigurations = (
				F3FCEE5524478100000F966E /* Debug */,
				F3FCEE5624478100000F966E /* Release */,
			);
			defaultConfigurationIsVisible = 0;
			defaultConfigurationName = Release;
		};
		F3FCEE5724478100000F966E /* Build configuration list for PBXNativeTarget "FastisExample" */ = {
			isa = XCConfigurationList;
			buildConfigurations = (
				F3FCEE5824478100000F966E /* Debug */,
				F3FCEE5924478100000F966E /* Release */,
			);
			defaultConfigurationIsVisible = 0;
			defaultConfigurationName = Release;
		};
/* End XCConfigurationList section */

/* Begin XCSwiftPackageProductDependency section */
		F381AF9528B8C7190046383A /* Fastis */ = {
			isa = XCSwiftPackageProductDependency;
			productName = Fastis;
		};
/* End XCSwiftPackageProductDependency section */
	};
	rootObject = F3FCEE3B244780FE000F966E /* Project object */;
}
