// !$*UTF8*$!
{
	archiveVersion = 1;
	classes = {
	};
	objectVersion = 50;
	objects = {

/* Begin PBXBuildFile section */
		045F283A00F28426533FA88B /* JTAppleCalendar.xcframework in Frameworks */ = {isa = PBXBuildFile; fileRef = 75F60139CE1C1BAAD05598AE /* JTAppleCalendar.xcframework */; };
		07D70424D1FAB461487F20F9 /* Assets+Fastis.swift in Sources */ = {isa = PBXBuildFile; fileRef = 4CFF5C0CD26EAD22811D9EC7 /* Assets+Fastis.swift */; };
		16579940EDB724EA81E8F365 /* Config.swift in Sources */ = {isa = PBXBuildFile; fileRef = 12AEAB3F3243B10A3C630A7F /* Config.swift */; };
		22366357B4DD56D14C293B3D /* ShortcutContainerView.swift in Sources */ = {isa = PBXBuildFile; fileRef = 94AB51BA962EAE9B5F6D9DF1 /* ShortcutContainerView.swift */; };
		2A91AF866706039C6B1043C8 /* UIImage + BundleInit.swift in Sources */ = {isa = PBXBuildFile; fileRef = F631928FFC9A2D2343C239D6 /* UIImage + BundleInit.swift */; };
		349A2FA03F7FC83141C15AF6 /* String + CapitalizeFirstLetter.swift in Sources */ = {isa = PBXBuildFile; fileRef = 5182D5077D682F731B17B7A5 /* String + CapitalizeFirstLetter.swift */; };
		36CBE094138ED7D037A8A2D3 /* CurrentValueView.swift in Sources */ = {isa = PBXBuildFile; fileRef = 7FA7FF94AC0B0B93CFFF54ED /* CurrentValueView.swift */; };
		3BA352348CA5FB41E3851DFB /* Media.xcassets in Resources */ = {isa = PBXBuildFile; fileRef = 89C0FDFE5681F22F9B91C338 /* Media.xcassets */; };
		69E3653EFCDE70F26927965E /* PrettyCards.xcframework in Frameworks */ = {isa = PBXBuildFile; fileRef = C7B69490A112BE76727F7449 /* PrettyCards.xcframework */; };
		6B3CCEBC229C36F3D4E1ED59 /* Bundle+Fastis.swift in Sources */ = {isa = PBXBuildFile; fileRef = 874D2E49B7C4443B665D8125 /* Bundle+Fastis.swift */; };
		85AC80C085AF5512C5B0AF7B /* Controller.swift in Sources */ = {isa = PBXBuildFile; fileRef = 86B5D6875A41F9CA8B576B6D /* Controller.swift */; };
		9B229AFBD1027AA445061294 /* SnapKit.xcframework in Frameworks */ = {isa = PBXBuildFile; fileRef = E806A76AF640C7A3442B6D89 /* SnapKit.xcframework */; };
		9BDB973EC4B203824C2D83C7 /* DayCell.swift in Sources */ = {isa = PBXBuildFile; fileRef = EA65CA5161FC42EA83C0FED9 /* DayCell.swift */; };
		AC7322FE9A77857B016AAF04 /* Date + Utilits.swift in Sources */ = {isa = PBXBuildFile; fileRef = 9A6FDBE08824AA7EB6B49F03 /* Date + Utilits.swift */; };
		AF9531BBA62BF40BEED37B0B /* MonthHeader.swift in Sources */ = {isa = PBXBuildFile; fileRef = 3F3748A011AC0ED13A1CAE7E /* MonthHeader.swift */; };
		B346817B7BA7C5CE368D1BF1 /* Value.swift in Sources */ = {isa = PBXBuildFile; fileRef = E35AF49834639C413D55ADBF /* Value.swift */; };
		C0E20D9D396174A5C16982A3 /* WeekView.swift in Sources */ = {isa = PBXBuildFile; fileRef = B475168DB21983D8C9F88D3C /* WeekView.swift */; };
		C943115A587496B6733F4FA2 /* Shortcut.swift in Sources */ = {isa = PBXBuildFile; fileRef = 53FB06A3CF853BD3DDE994BA /* Shortcut.swift */; };
		D19ECD7AE5626D50FE1733C3 /* ShortcutItemView.swift in Sources */ = {isa = PBXBuildFile; fileRef = 91813571814AD725140743AB /* ShortcutItemView.swift */; };
/* End PBXBuildFile section */

/* Begin PBXCopyFilesBuildPhase section */
		C3B3FDD712C812F1A2A8F933 /* Embed Frameworks */ = {
			isa = PBXCopyFilesBuildPhase;
			buildActionMask = 2147483647;
			dstPath = "";
			dstSubfolderSpec = 10;
			files = (
			);
			name = "Embed Frameworks";
			runOnlyForDeploymentPostprocessing = 0;
		};
/* End PBXCopyFilesBuildPhase section */

/* Begin PBXFileReference section */
		12AEAB3F3243B10A3C630A7F /* Config.swift */ = {isa = PBXFileReference; lastKnownFileType = sourcecode.swift; path = Config.swift; sourceTree = "<group>"; };
		3F3748A011AC0ED13A1CAE7E /* MonthHeader.swift */ = {isa = PBXFileReference; lastKnownFileType = sourcecode.swift; path = MonthHeader.swift; sourceTree = "<group>"; };
		4CFF5C0CD26EAD22811D9EC7 /* Assets+Fastis.swift */ = {isa = PBXFileReference; lastKnownFileType = sourcecode.swift; path = "Assets+Fastis.swift"; sourceTree = "<group>"; };
		5182D5077D682F731B17B7A5 /* String + CapitalizeFirstLetter.swift */ = {isa = PBXFileReference; lastKnownFileType = sourcecode.swift; path = "String + CapitalizeFirstLetter.swift"; sourceTree = "<group>"; };
		53FB06A3CF853BD3DDE994BA /* Shortcut.swift */ = {isa = PBXFileReference; lastKnownFileType = sourcecode.swift; path = Shortcut.swift; sourceTree = "<group>"; };
		75F60139CE1C1BAAD05598AE /* JTAppleCalendar.xcframework */ = {isa = PBXFileReference; lastKnownFileType = wrapper.xcframework; path = JTAppleCalendar.xcframework; sourceTree = "<group>"; };
		7FA7FF94AC0B0B93CFFF54ED /* CurrentValueView.swift */ = {isa = PBXFileReference; lastKnownFileType = sourcecode.swift; path = CurrentValueView.swift; sourceTree = "<group>"; };
		86B5D6875A41F9CA8B576B6D /* Controller.swift */ = {isa = PBXFileReference; lastKnownFileType = sourcecode.swift; path = Controller.swift; sourceTree = "<group>"; };
		874D2E49B7C4443B665D8125 /* Bundle+Fastis.swift */ = {isa = PBXFileReference; lastKnownFileType = sourcecode.swift; path = "Bundle+Fastis.swift"; sourceTree = "<group>"; };
		89C0FDFE5681F22F9B91C338 /* Media.xcassets */ = {isa = PBXFileReference; lastKnownFileType = folder.assetcatalog; path = Media.xcassets; sourceTree = "<group>"; };
		91813571814AD725140743AB /* ShortcutItemView.swift */ = {isa = PBXFileReference; lastKnownFileType = sourcecode.swift; path = ShortcutItemView.swift; sourceTree = "<group>"; };
		94AB51BA962EAE9B5F6D9DF1 /* ShortcutContainerView.swift */ = {isa = PBXFileReference; lastKnownFileType = sourcecode.swift; path = ShortcutContainerView.swift; sourceTree = "<group>"; };
		9A6FDBE08824AA7EB6B49F03 /* Date + Utilits.swift */ = {isa = PBXFileReference; lastKnownFileType = sourcecode.swift; path = "Date + Utilits.swift"; sourceTree = "<group>"; };
		AB08B528E41CF1973BD72A40 /* Fastis.podspec */ = {isa = PBXFileReference; path = Fastis.podspec; sourceTree = "<group>"; };
		AB5F7943C04C278183C8B119 /* README.MD */ = {isa = PBXFileReference; path = README.MD; sourceTree = "<group>"; };
		AF741D884D5407EC23E9AD06 /* Fastis.plist */ = {isa = PBXFileReference; lastKnownFileType = text.plist; path = Fastis.plist; sourceTree = "<group>"; };
		B475168DB21983D8C9F88D3C /* WeekView.swift */ = {isa = PBXFileReference; lastKnownFileType = sourcecode.swift; path = WeekView.swift; sourceTree = "<group>"; };
		B75D88D00274E7A37CFE4ED8 /* Package.swift */ = {isa = PBXFileReference; lastKnownFileType = sourcecode.swift; path = Package.swift; sourceTree = "<group>"; };
		C7B69490A112BE76727F7449 /* PrettyCards.xcframework */ = {isa = PBXFileReference; lastKnownFileType = wrapper.xcframework; path = PrettyCards.xcframework; sourceTree = "<group>"; };
		C8F2E9F3C4EF5B71AABA676C /* Fastis.framework */ = {isa = PBXFileReference; explicitFileType = wrapper.framework; includeInIndex = 0; path = Fastis.framework; sourceTree = BUILT_PRODUCTS_DIR; };
		E35AF49834639C413D55ADBF /* Value.swift */ = {isa = PBXFileReference; lastKnownFileType = sourcecode.swift; path = Value.swift; sourceTree = "<group>"; };
		E806A76AF640C7A3442B6D89 /* SnapKit.xcframework */ = {isa = PBXFileReference; lastKnownFileType = wrapper.xcframework; path = SnapKit.xcframework; sourceTree = "<group>"; };
		EA65CA5161FC42EA83C0FED9 /* DayCell.swift */ = {isa = PBXFileReference; lastKnownFileType = sourcecode.swift; path = DayCell.swift; sourceTree = "<group>"; };
		F631928FFC9A2D2343C239D6 /* UIImage + BundleInit.swift */ = {isa = PBXFileReference; lastKnownFileType = sourcecode.swift; path = "UIImage + BundleInit.swift"; sourceTree = "<group>"; };
/* End PBXFileReference section */

/* Begin PBXFrameworksBuildPhase section */
		F0403FB3A2AFB3FF737F10DE /* Frameworks */ = {
			isa = PBXFrameworksBuildPhase;
			buildActionMask = 2147483647;
			files = (
				045F283A00F28426533FA88B /* JTAppleCalendar.xcframework in Frameworks */,
				69E3653EFCDE70F26927965E /* PrettyCards.xcframework in Frameworks */,
				9B229AFBD1027AA445061294 /* SnapKit.xcframework in Frameworks */,
			);
			runOnlyForDeploymentPostprocessing = 0;
		};
/* End PBXFrameworksBuildPhase section */

/* Begin PBXGroup section */
		03C26D4CD7DFB348E6FF0410 /* Project */ = {
			isa = PBXGroup;
			children = (
				0C927E781F8DE63BE2A10C5A /* Derived */,
				534E847C93A900F598FDE21E /* Resources */,
				4AE535C551C550A4B36037AB /* Sources */,
				AF0D7D51A993C5181458D187 /* Tuist */,
				AB08B528E41CF1973BD72A40 /* Fastis.podspec */,
				B75D88D00274E7A37CFE4ED8 /* Package.swift */,
				AB5F7943C04C278183C8B119 /* README.MD */,
			);
			name = Project;
			sourceTree = "<group>";
		};
		09F692A2FB693E3339059D92 /* Frameworks */ = {
			isa = PBXGroup;
			children = (
			);
			name = Frameworks;
			sourceTree = "<group>";
		};
		0C927E781F8DE63BE2A10C5A /* Derived */ = {
			isa = PBXGroup;
			children = (
				980632CF1BD3A29CB011E766 /* InfoPlists */,
				884B1CC6BC1C4545F8D5D9B6 /* Sources */,
			);
			path = Derived;
			sourceTree = "<group>";
		};
		17DAF8B1DC8F54757F8EDD64 /* Models */ = {
			isa = PBXGroup;
			children = (
				12AEAB3F3243B10A3C630A7F /* Config.swift */,
				53FB06A3CF853BD3DDE994BA /* Shortcut.swift */,
				E35AF49834639C413D55ADBF /* Value.swift */,
			);
			path = Models;
			sourceTree = "<group>";
		};
		34A31AF14742FD6F6DE9A3C2 /* Extensions */ = {
			isa = PBXGroup;
			children = (
				9A6FDBE08824AA7EB6B49F03 /* Date + Utilits.swift */,
				5182D5077D682F731B17B7A5 /* String + CapitalizeFirstLetter.swift */,
				F631928FFC9A2D2343C239D6 /* UIImage + BundleInit.swift */,
			);
			path = Extensions;
			sourceTree = "<group>";
		};
		495472C3C32348284EFC9119 /* Dependencies */ = {
			isa = PBXGroup;
			children = (
				CD58EB0CC783D3F09509A5F7 /* Carthage */,
			);
			path = Dependencies;
			sourceTree = "<group>";
		};
		4AE535C551C550A4B36037AB /* Sources */ = {
			isa = PBXGroup;
			children = (
				34A31AF14742FD6F6DE9A3C2 /* Extensions */,
				17DAF8B1DC8F54757F8EDD64 /* Models */,
				A371A4C145C0ADFE0439C728 /* Views */,
			);
			path = Sources;
			sourceTree = "<group>";
		};
		534E847C93A900F598FDE21E /* Resources */ = {
			isa = PBXGroup;
			children = (
				89C0FDFE5681F22F9B91C338 /* Media.xcassets */,
			);
			path = Resources;
			sourceTree = "<group>";
		};
		576E0834A8D1DCFA4181B144 /* Products */ = {
			isa = PBXGroup;
			children = (
				C8F2E9F3C4EF5B71AABA676C /* Fastis.framework */,
			);
			name = Products;
			sourceTree = "<group>";
		};
		884B1CC6BC1C4545F8D5D9B6 /* Sources */ = {
			isa = PBXGroup;
			children = (
				4CFF5C0CD26EAD22811D9EC7 /* Assets+Fastis.swift */,
				874D2E49B7C4443B665D8125 /* Bundle+Fastis.swift */,
			);
			path = Sources;
			sourceTree = "<group>";
		};
		980632CF1BD3A29CB011E766 /* InfoPlists */ = {
			isa = PBXGroup;
			children = (
				AF741D884D5407EC23E9AD06 /* Fastis.plist */,
			);
			path = InfoPlists;
			sourceTree = "<group>";
		};
		A371A4C145C0ADFE0439C728 /* Views */ = {
			isa = PBXGroup;
			children = (
				86B5D6875A41F9CA8B576B6D /* Controller.swift */,
				7FA7FF94AC0B0B93CFFF54ED /* CurrentValueView.swift */,
				EA65CA5161FC42EA83C0FED9 /* DayCell.swift */,
				3F3748A011AC0ED13A1CAE7E /* MonthHeader.swift */,
				94AB51BA962EAE9B5F6D9DF1 /* ShortcutContainerView.swift */,
				91813571814AD725140743AB /* ShortcutItemView.swift */,
				B475168DB21983D8C9F88D3C /* WeekView.swift */,
			);
			path = Views;
			sourceTree = "<group>";
		};
		AF0D7D51A993C5181458D187 /* Tuist */ = {
			isa = PBXGroup;
			children = (
				495472C3C32348284EFC9119 /* Dependencies */,
			);
			name = Tuist;
			path = ../../Tuist;
			sourceTree = "<group>";
		};
		BA158D51A99C3FD7F59258BE = {
			isa = PBXGroup;
			children = (
				03C26D4CD7DFB348E6FF0410 /* Project */,
				09F692A2FB693E3339059D92 /* Frameworks */,
				576E0834A8D1DCFA4181B144 /* Products */,
			);
			indentWidth = 4;
			sourceTree = "<group>";
			tabWidth = 4;
			usesTabs = 0;
			wrapsLines = 1;
		};
		CD58EB0CC783D3F09509A5F7 /* Carthage */ = {
			isa = PBXGroup;
			children = (
				75F60139CE1C1BAAD05598AE /* JTAppleCalendar.xcframework */,
				C7B69490A112BE76727F7449 /* PrettyCards.xcframework */,
				E806A76AF640C7A3442B6D89 /* SnapKit.xcframework */,
			);
			path = Carthage;
			sourceTree = "<group>";
		};
/* End PBXGroup section */

/* Begin PBXNativeTarget section */
		D8122A2BFC77AFE34725F352 /* Fastis */ = {
			isa = PBXNativeTarget;
			buildConfigurationList = 3BD19EF6CE24E52018922EC0 /* Build configuration list for PBXNativeTarget "Fastis" */;
			buildPhases = (
				6A6DE3AF61CD771262883F10 /* Lint Code */,
				EB4E8B4ABBE479E13758BBCA /* Sources */,
				2ADADBEC2C11AF7C9085DCC0 /* Resources */,
				FC3F0E980FDBA69214641580 /* Embed Precompiled Frameworks */,
				C3B3FDD712C812F1A2A8F933 /* Embed Frameworks */,
				F0403FB3A2AFB3FF737F10DE /* Frameworks */,
			);
			buildRules = (
			);
			dependencies = (
			);
			name = Fastis;
			productName = Fastis;
			productReference = C8F2E9F3C4EF5B71AABA676C /* Fastis.framework */;
			productType = "com.apple.product-type.framework";
		};
/* End PBXNativeTarget section */

/* Begin PBXProject section */
		18D0DFAA55E3E6CB74A27D76 /* Project object */ = {
			isa = PBXProject;
			attributes = {
				ORGANIZATIONNAME = "RetailDriver LLC";
				TargetAttributes = {
				};
			};
			buildConfigurationList = 137CA457219B39AD58222E74 /* Build configuration list for PBXProject "Fastis" */;
			compatibilityVersion = "Xcode 9.3";
			developmentRegion = en;
			hasScannedForEncodings = 0;
			knownRegions = (
				Base,
				en,
			);
			mainGroup = BA158D51A99C3FD7F59258BE;
			productRefGroup = 576E0834A8D1DCFA4181B144 /* Products */;
			projectDirPath = "";
			projectRoot = "";
			targets = (
				D8122A2BFC77AFE34725F352 /* Fastis */,
			);
		};
/* End PBXProject section */

/* Begin PBXResourcesBuildPhase section */
		2ADADBEC2C11AF7C9085DCC0 /* Resources */ = {
			isa = PBXResourcesBuildPhase;
			buildActionMask = 2147483647;
			files = (
				3BA352348CA5FB41E3851DFB /* Media.xcassets in Resources */,
			);
			runOnlyForDeploymentPostprocessing = 0;
		};
/* End PBXResourcesBuildPhase section */

/* Begin PBXShellScriptBuildPhase section */
		6A6DE3AF61CD771262883F10 /* Lint Code */ = {
			isa = PBXShellScriptBuildPhase;
			buildActionMask = 2147483647;
			files = (
			);
			inputFileListPaths = (
			);
			inputPaths = (
			);
			name = "Lint Code";
			outputFileListPaths = (
			);
			outputPaths = (
			);
			runOnlyForDeploymentPostprocessing = 0;
			shellPath = /bin/sh;
			shellScript = "if which swiftlint >/dev/null; then\n    swiftlint --path $SRCROOT/Sources  --config ../../Support/swiftlint.xcode.yml\nelse\n    echo \"error: SwiftLint does not exist, download it from https://github.com/realm/SwiftLint\"\n    exit 1\nfi";
		};
		FC3F0E980FDBA69214641580 /* Embed Precompiled Frameworks */ = {
			isa = PBXShellScriptBuildPhase;
			buildActionMask = 2147483647;
			files = (
			);
			inputPaths = (
			);
			name = "Embed Precompiled Frameworks";
			outputPaths = (
			);
			runOnlyForDeploymentPostprocessing = 0;
			shellPath = /bin/sh;
			shellScript = "echo \"Skipping, nothing to be embedded.\"";
		};
/* End PBXShellScriptBuildPhase section */

/* Begin PBXSourcesBuildPhase section */
		EB4E8B4ABBE479E13758BBCA /* Sources */ = {
			isa = PBXSourcesBuildPhase;
			buildActionMask = 2147483647;
			files = (
				07D70424D1FAB461487F20F9 /* Assets+Fastis.swift in Sources */,
				6B3CCEBC229C36F3D4E1ED59 /* Bundle+Fastis.swift in Sources */,
				AC7322FE9A77857B016AAF04 /* Date + Utilits.swift in Sources */,
				349A2FA03F7FC83141C15AF6 /* String + CapitalizeFirstLetter.swift in Sources */,
				2A91AF866706039C6B1043C8 /* UIImage + BundleInit.swift in Sources */,
				16579940EDB724EA81E8F365 /* Config.swift in Sources */,
				C943115A587496B6733F4FA2 /* Shortcut.swift in Sources */,
				B346817B7BA7C5CE368D1BF1 /* Value.swift in Sources */,
				85AC80C085AF5512C5B0AF7B /* Controller.swift in Sources */,
				36CBE094138ED7D037A8A2D3 /* CurrentValueView.swift in Sources */,
				9BDB973EC4B203824C2D83C7 /* DayCell.swift in Sources */,
				AF9531BBA62BF40BEED37B0B /* MonthHeader.swift in Sources */,
				22366357B4DD56D14C293B3D /* ShortcutContainerView.swift in Sources */,
				D19ECD7AE5626D50FE1733C3 /* ShortcutItemView.swift in Sources */,
				C0E20D9D396174A5C16982A3 /* WeekView.swift in Sources */,
			);
			runOnlyForDeploymentPostprocessing = 0;
		};
/* End PBXSourcesBuildPhase section */

/* Begin XCBuildConfiguration section */
		26A283AA5CAA90879B29CE83 /* Release */ = {
			isa = XCBuildConfiguration;
			buildSettings = {
				CODE_SIGN_IDENTITY = "";
				CURRENT_PROJECT_VERSION = 1;
				DEFINES_MODULE = YES;
				DYLIB_COMPATIBILITY_VERSION = 1;
				DYLIB_CURRENT_VERSION = 1;
				DYLIB_INSTALL_NAME_BASE = "@rpath";
				FRAMEWORK_SEARCH_PATHS = (
					"$(inherited)",
					"$(SRCROOT)/../../Tuist/Dependencies/Carthage",
				);
				INFOPLIST_FILE = Derived/InfoPlists/Fastis.plist;
				INSTALL_PATH = "$(LOCAL_LIBRARY_DIR)/Frameworks";
				IPHONEOS_DEPLOYMENT_TARGET = 13.0;
				LD_RUNPATH_SEARCH_PATHS = (
					"$(inherited)",
					"@executable_path/Frameworks",
					"@loader_path/Frameworks",
				);
				PRODUCT_BUNDLE_IDENTIFIER = com.retaildriver.retailCRM.Fastis;
				PRODUCT_NAME = Fastis;
				SDKROOT = iphoneos;
				SKIP_INSTALL = YES;
				SUPPORTED_PLATFORMS = "iphonesimulator iphoneos";
				SWIFT_COMPILATION_MODE = wholemodule;
				SWIFT_OPTIMIZATION_LEVEL = "-Owholemodule";
				SWIFT_VERSION = 5.4.2;
				TARGETED_DEVICE_FAMILY = "1,2";
				VERSIONING_SYSTEM = "apple-generic";
				VERSION_INFO_PREFIX = "";
			};
			name = Release;
		};
		3074670E7E0AD1DE3BA75F77 /* Debug */ = {
			isa = XCBuildConfiguration;
			buildSettings = {
				CODE_SIGN_IDENTITY = "";
				CURRENT_PROJECT_VERSION = 1;
				DEFINES_MODULE = YES;
				DYLIB_COMPATIBILITY_VERSION = 1;
				DYLIB_CURRENT_VERSION = 1;
				DYLIB_INSTALL_NAME_BASE = "@rpath";
				FRAMEWORK_SEARCH_PATHS = (
					"$(inherited)",
					"$(SRCROOT)/../../Tuist/Dependencies/Carthage",
				);
				INFOPLIST_FILE = Derived/InfoPlists/Fastis.plist;
				INSTALL_PATH = "$(LOCAL_LIBRARY_DIR)/Frameworks";
				IPHONEOS_DEPLOYMENT_TARGET = 13.0;
				LD_RUNPATH_SEARCH_PATHS = (
					"$(inherited)",
					"@executable_path/Frameworks",
					"@loader_path/Frameworks",
				);
				PRODUCT_BUNDLE_IDENTIFIER = com.retaildriver.retailCRM.Fastis;
				PRODUCT_NAME = Fastis;
				SDKROOT = iphoneos;
				SKIP_INSTALL = YES;
				SUPPORTED_PLATFORMS = "iphonesimulator iphoneos";
				SWIFT_ACTIVE_COMPILATION_CONDITIONS = DEBUG;
				SWIFT_COMPILATION_MODE = singlefile;
				SWIFT_OPTIMIZATION_LEVEL = "-Onone";
				SWIFT_VERSION = 5.4.2;
				TARGETED_DEVICE_FAMILY = "1,2";
				VERSIONING_SYSTEM = "apple-generic";
				VERSION_INFO_PREFIX = "";
			};
			name = Debug;
		};
		97C6C3F836DC3AE275EBF8A2 /* Debug */ = {
			isa = XCBuildConfiguration;
			buildSettings = {
				ALWAYS_SEARCH_USER_PATHS = NO;
				CLANG_ANALYZER_LOCALIZABILITY_NONLOCALIZED = YES;
				CLANG_ANALYZER_NONNULL = YES;
				CLANG_ANALYZER_NUMBER_OBJECT_CONVERSION = YES_AGGRESSIVE;
				CLANG_CXX_LANGUAGE_STANDARD = "gnu++14";
				CLANG_CXX_LIBRARY = "libc++";
				CLANG_ENABLE_MODULES = YES;
				CLANG_ENABLE_OBJC_ARC = YES;
				CLANG_ENABLE_OBJC_WEAK = YES;
				CLANG_WARN_BLOCK_CAPTURE_AUTORELEASING = YES;
				CLANG_WARN_BOOL_CONVERSION = YES;
				CLANG_WARN_COMMA = YES;
				CLANG_WARN_CONSTANT_CONVERSION = YES;
				CLANG_WARN_DEPRECATED_OBJC_IMPLEMENTATIONS = YES;
				CLANG_WARN_DIRECT_OBJC_ISA_USAGE = YES_ERROR;
				CLANG_WARN_DOCUMENTATION_COMMENTS = YES;
				CLANG_WARN_EMPTY_BODY = YES;
				CLANG_WARN_ENUM_CONVERSION = YES;
				CLANG_WARN_INFINITE_RECURSION = YES;
				CLANG_WARN_INT_CONVERSION = YES;
				CLANG_WARN_NON_LITERAL_NULL_CONVERSION = YES;
				CLANG_WARN_OBJC_IMPLICIT_RETAIN_SELF = YES;
				CLANG_WARN_OBJC_LITERAL_CONVERSION = YES;
				CLANG_WARN_OBJC_ROOT_CLASS = YES_ERROR;
				CLANG_WARN_QUOTED_INCLUDE_IN_FRAMEWORK_HEADER = YES;
				CLANG_WARN_RANGE_LOOP_ANALYSIS = YES;
				CLANG_WARN_STRICT_PROTOTYPES = YES;
				CLANG_WARN_SUSPICIOUS_MOVE = YES;
				CLANG_WARN_UNGUARDED_AVAILABILITY = YES_AGGRESSIVE;
				CLANG_WARN_UNREACHABLE_CODE = YES;
				CLANG_WARN__DUPLICATE_METHOD_MATCH = YES;
				COPY_PHASE_STRIP = NO;
				DEBUG_INFORMATION_FORMAT = dwarf;
				ENABLE_STRICT_OBJC_MSGSEND = YES;
				ENABLE_TESTABILITY = YES;
				GCC_C_LANGUAGE_STANDARD = gnu11;
				GCC_DYNAMIC_NO_PIC = NO;
				GCC_NO_COMMON_BLOCKS = YES;
				GCC_OPTIMIZATION_LEVEL = 0;
				GCC_PREPROCESSOR_DEFINITIONS = (
					"DEBUG=1",
					"$(inherited)",
				);
				GCC_WARN_64_TO_32_BIT_CONVERSION = YES;
				GCC_WARN_ABOUT_RETURN_TYPE = YES_ERROR;
				GCC_WARN_UNDECLARED_SELECTOR = YES;
				GCC_WARN_UNINITIALIZED_AUTOS = YES_AGGRESSIVE;
				GCC_WARN_UNUSED_FUNCTION = YES;
				GCC_WARN_UNUSED_VARIABLE = YES;
				MTL_ENABLE_DEBUG_INFO = YES;
				ONLY_ACTIVE_ARCH = YES;
				PRODUCT_NAME = "$(TARGET_NAME)";
			};
			name = Debug;
		};
		ECC31F0349422FDFCA8F5CF7 /* Release */ = {
			isa = XCBuildConfiguration;
			buildSettings = {
				ALWAYS_SEARCH_USER_PATHS = NO;
				CLANG_ANALYZER_LOCALIZABILITY_NONLOCALIZED = YES;
				CLANG_ANALYZER_NONNULL = YES;
				CLANG_ANALYZER_NUMBER_OBJECT_CONVERSION = YES_AGGRESSIVE;
				CLANG_CXX_LANGUAGE_STANDARD = "gnu++14";
				CLANG_CXX_LIBRARY = "libc++";
				CLANG_ENABLE_MODULES = YES;
				CLANG_ENABLE_OBJC_ARC = YES;
				CLANG_ENABLE_OBJC_WEAK = YES;
				CLANG_WARN_BLOCK_CAPTURE_AUTORELEASING = YES;
				CLANG_WARN_BOOL_CONVERSION = YES;
				CLANG_WARN_COMMA = YES;
				CLANG_WARN_CONSTANT_CONVERSION = YES;
				CLANG_WARN_DEPRECATED_OBJC_IMPLEMENTATIONS = YES;
				CLANG_WARN_DIRECT_OBJC_ISA_USAGE = YES_ERROR;
				CLANG_WARN_DOCUMENTATION_COMMENTS = YES;
				CLANG_WARN_EMPTY_BODY = YES;
				CLANG_WARN_ENUM_CONVERSION = YES;
				CLANG_WARN_INFINITE_RECURSION = YES;
				CLANG_WARN_INT_CONVERSION = YES;
				CLANG_WARN_NON_LITERAL_NULL_CONVERSION = YES;
				CLANG_WARN_OBJC_IMPLICIT_RETAIN_SELF = YES;
				CLANG_WARN_OBJC_LITERAL_CONVERSION = YES;
				CLANG_WARN_OBJC_ROOT_CLASS = YES_ERROR;
				CLANG_WARN_QUOTED_INCLUDE_IN_FRAMEWORK_HEADER = YES;
				CLANG_WARN_RANGE_LOOP_ANALYSIS = YES;
				CLANG_WARN_STRICT_PROTOTYPES = YES;
				CLANG_WARN_SUSPICIOUS_MOVE = YES;
				CLANG_WARN_UNGUARDED_AVAILABILITY = YES_AGGRESSIVE;
				CLANG_WARN_UNREACHABLE_CODE = YES;
				CLANG_WARN__DUPLICATE_METHOD_MATCH = YES;
				COPY_PHASE_STRIP = NO;
				DEBUG_INFORMATION_FORMAT = "dwarf-with-dsym";
				ENABLE_NS_ASSERTIONS = NO;
				ENABLE_STRICT_OBJC_MSGSEND = YES;
				GCC_C_LANGUAGE_STANDARD = gnu11;
				GCC_NO_COMMON_BLOCKS = YES;
				GCC_WARN_64_TO_32_BIT_CONVERSION = YES;
				GCC_WARN_ABOUT_RETURN_TYPE = YES_ERROR;
				GCC_WARN_UNDECLARED_SELECTOR = YES;
				GCC_WARN_UNINITIALIZED_AUTOS = YES_AGGRESSIVE;
				GCC_WARN_UNUSED_FUNCTION = YES;
				GCC_WARN_UNUSED_VARIABLE = YES;
				MTL_ENABLE_DEBUG_INFO = NO;
				PRODUCT_NAME = "$(TARGET_NAME)";
				VALIDATE_PRODUCT = YES;
			};
			name = Release;
		};
/* End XCBuildConfiguration section */

/* Begin XCConfigurationList section */
		137CA457219B39AD58222E74 /* Build configuration list for PBXProject "Fastis" */ = {
			isa = XCConfigurationList;
			buildConfigurations = (
				97C6C3F836DC3AE275EBF8A2 /* Debug */,
				ECC31F0349422FDFCA8F5CF7 /* Release */,
			);
			defaultConfigurationIsVisible = 0;
			defaultConfigurationName = Release;
		};
		3BD19EF6CE24E52018922EC0 /* Build configuration list for PBXNativeTarget "Fastis" */ = {
			isa = XCConfigurationList;
			buildConfigurations = (
				3074670E7E0AD1DE3BA75F77 /* Debug */,
				26A283AA5CAA90879B29CE83 /* Release */,
			);
			defaultConfigurationIsVisible = 0;
			defaultConfigurationName = Release;
		};
/* End XCConfigurationList section */
	};
	rootObject = 18D0DFAA55E3E6CB74A27D76 /* Project object */;
}
